{
  "lockfileVersion": 1,
  "workspaces": {
    "": {
      "name": "example",
      "devDependencies": {
        "@types/bun": "^1.1.9",
        "elysia-autoload": "link:elysia-autoload",
        "esbuild-plugin-autoload": "^0.2.1",
      },
      "peerDependencies": {
        "typescript": "^5.6.2",
      },
    },
  },
  "packages": {
    "@types/bun": ["@types/bun@1.1.9", "", { "dependencies": { "bun-types": "1.1.27" } }, "sha512-SXJRejXpmAc3qxyN/YS4/JGWEzLf4dDBa5fLtRDipQXHqNccuMU4EUYCooXNTsylG0DmwFQsGgEDHxZF+3DqRw=="],

    "@types/node": ["@types/node@20.12.14", "", { "dependencies": { "undici-types": "~5.26.4" } }, "sha512-scnD59RpYD91xngrQQLGkE+6UrHUPzeKZWhhjBSa3HSkwjbQc38+q3RoIVEwxQGRw3M+j5hpNAM+lgV3cVormg=="],

    "@types/ws": ["@types/ws@8.5.10", "", { "dependencies": { "@types/node": "*" } }, "sha512-vmQSUcfalpIq0R9q7uTo2lXs6eGIpt9wtnLdMv9LVpIjCA/+ufZRozlVoVelIYixx1ugCBKDhn89vnsEGOCx9A=="],

    "bun-types": ["bun-types@1.1.27", "", { "dependencies": { "@types/node": "~20.12.8", "@types/ws": "~8.5.10" } }, "sha512-rHXAiIDefeMS/fleNM1rRDYqolJGNRdch3+AuCRwcZWaqTa1vjGBNsahH/HVV7Y82frllYhJomCVSEiHzLzkgg=="],

    "elysia-autoload": ["elysia-autoload@link:elysia-autoload", {}],

    "esbuild-plugin-autoload": ["esbuild-plugin-autoload@0.2.1", "", { "peerDependencies": { "typescript": "^5.0.0" } }, "sha512-rto1qRX9qjGdyaOUL+sSAEJ4luU9Gqcb+0FdP5+UXoyhjqVxcU8TjFMvCo5pX/nAvXvf1BpyOS5UmDqX/eVTPA=="],

    "typescript": ["typescript@5.6.2", "", { "bin": { "tsc": "bin/tsc", "tsserver": "bin/tsserver" } }, "sha512-NW8ByodCSNCwZeghjN3o+JX5OFH0Ojg6sadjEKY4huZ52TqbJTJnDo5+Tw98lSy63NZvi4n+ez5m2u5d4PkZyw=="],

    "undici-types": ["undici-types@5.26.5", "", {}, "sha512-JlCMO+ehdEIKqlFxk6IfVoAUVmgz7cU7zD/h9XZ0qzeosSHmUJVOzSQvvYSYWXkFXC+IfLKSIffhv0sVZup6pA=="],
  }
}
